
Microsoft Visual Studio Solution File, Format Version 12.00
# Visual Studio Version 17
VisualStudioVersion = 17.6.33717.318
MinimumVisualStudioVersion = 10.0.40219.1
Project("{8BC9CEB8-8B4A-11D0-8D11-00A0C91BC942}") = "2023-03-03", "Assignments\2023-03-03\2023-03-03.vcxproj", "{E0EC64EC-2B0A-4975-BDCA-500FF34F45C9}"
EndProject
Project("{2150E333-8FDC-42A3-9474-1A3956D46DE8}") = "Assignments", "Assignments", "{7A461002-AC19-4D64-A15A-FF009FFF440F}"
EndProject
Project("{2150E333-8FDC-42A3-9474-1A3956D46DE8}") = "Exams", "Exams", "{54B64DFD-34D5-4DF6-8E0C-35EFDACEFCC8}"
EndProject
Project("{2150E333-8FDC-42A3-9474-1A3956D46DE8}") = "Exercises", "Exercises", "{F8A4990C-14DE-49C2-87AA-82CF48ED7FEB}"
EndProject
Project("{8BC9CEB8-8B4A-11D0-8D11-00A0C91BC942}") = "2023-03-13", "Assignments\2023-03-13\2023-03-13-1.vcxproj", "{924AE163-BD81-408E-B3B4-F01C125D84C7}"
EndProject
Project("{8BC9CEB8-8B4A-11D0-8D11-00A0C91BC942}") = "2023-03-20", "Assignments\2023-03-20\2023-03-20.vcxproj", "{B90DB643-521F-4A4D-B276-FEDA58D30763}"
EndProject
Project("{8BC9CEB8-8B4A-11D0-8D11-00A0C91BC942}") = "2023-04-17", "Assignments\2023-04-17\2023-04-17.vcxproj", "{5861FD09-A0AF-41EE-8F21-5BDD3CCC0241}"
EndProject
Project("{8BC9CEB8-8B4A-11D0-8D11-00A0C91BC942}") = "3 - BitTorrent", "Exercises\3 - BitTorrent\2023-05-04.vcxproj", "{9F591777-E340-447C-BF2F-1D7355E3679E}"
EndProject
Project("{8BC9CEB8-8B4A-11D0-8D11-00A0C91BC942}") = "5 - PAM", "Exercises\5 - PAM\2023-05-11.vcxproj", "{A8973B03-3417-413C-9548-FE3735A4C2B5}"
EndProject
Project("{8BC9CEB8-8B4A-11D0-8D11-00A0C91BC942}") = "6 - MDCT", "Exercises\6 - MDCT\2023-05-22.vcxproj", "{A796A21A-7FAF-40EB-9EAD-5072FDDEC39B}"
EndProject
Project("{8BC9CEB8-8B4A-11D0-8D11-00A0C91BC942}") = "1 - Packbits", "Exercises\1 - Packbits\1 - Packbits.vcxproj", "{7B1808CD-0AD0-4E46-8115-CF17C9CE0D81}"
EndProject
Project("{8BC9CEB8-8B4A-11D0-8D11-00A0C91BC942}") = "2 - Huffman", "Exercises\2 - Huffman\2 - Huffman.vcxproj", "{A3F7D65F-4AA8-44F1-A29C-50C4D8D75A12}"
EndProject
Project("{8BC9CEB8-8B4A-11D0-8D11-00A0C91BC942}") = "4 - YUV4MPEG2", "Exercises\4 - YUV4MPEG2\4 - YUV4MPEG2.vcxproj", "{E662A241-FE91-48A9-8B43-CD1AEFA5E842}"
EndProject
Project("{8BC9CEB8-8B4A-11D0-8D11-00A0C91BC942}") = "7 - Matroska", "Exercises\7 - Matroska\7 - Matroska.vcxproj", "{48D6737C-6C6D-48C5-8DBA-049DB33BFFE3}"
EndProject
Project("{8BC9CEB8-8B4A-11D0-8D11-00A0C91BC942}") = "01", "Exams\01\01.vcxproj", "{B8884729-8DB0-48D9-B0E9-904219FD3E2C}"
EndProject
Project("{8BC9CEB8-8B4A-11D0-8D11-00A0C91BC942}") = "02", "Exams\02\02.vcxproj", "{D995FCC8-FB19-4583-B91F-C9488E132D8F}"
EndProject
Project("{8BC9CEB8-8B4A-11D0-8D11-00A0C91BC942}") = "05", "Exams\05\05.vcxproj", "{7BBF0C06-4B55-493D-A5B6-84E7D545FA82}"
EndProject
Project("{8BC9CEB8-8B4A-11D0-8D11-00A0C91BC942}") = "06", "Exams\06\06.vcxproj", "{BCC8B9EA-0F7F-466E-A9D0-468973159193}"
EndProject
Project("{8BC9CEB8-8B4A-11D0-8D11-00A0C91BC942}") = "07", "Exams\07\07.vcxproj", "{9A9D4A80-BD55-4154-B5AE-3091726BC808}"
EndProject
Project("{8BC9CEB8-8B4A-11D0-8D11-00A0C91BC942}") = "08", "Exams\08\08.vcxproj", "{2F09AA5C-9FB8-43A6-981E-1B8312C919F6}"
EndProject
Project("{8BC9CEB8-8B4A-11D0-8D11-00A0C91BC942}") = "09", "Exams\09\09.vcxproj", "{77C6B4B1-8F87-4D31-9318-6F94ED2BE70D}"
EndProject
Project("{8BC9CEB8-8B4A-11D0-8D11-00A0C91BC942}") = "10", "Exams\10\10.vcxproj", "{DEE26D9B-2FC1-439D-B108-944E3BD3B1A0}"
EndProject
Project("{8BC9CEB8-8B4A-11D0-8D11-00A0C91BC942}") = "11", "Exams\11\11.vcxproj", "{832594DD-229D-4C9E-B4E0-11209AFB4C54}"
EndProject
Project("{8BC9CEB8-8B4A-11D0-8D11-00A0C91BC942}") = "12", "Exams\12\12.vcxproj", "{4819E94C-66E9-4AFD-91F3-ECA6E4750B41}"
EndProject
Project("{8BC9CEB8-8B4A-11D0-8D11-00A0C91BC942}") = "13", "Exams\13\13.vcxproj", "{F682B946-DBAA-4218-A0E9-DADBC936ED6C}"
EndProject
Project("{8BC9CEB8-8B4A-11D0-8D11-00A0C91BC942}") = "14", "Exams\14\14.vcxproj", "{230F55BD-A9FA-4510-B078-00B4FEAEC8C8}"
EndProject
Project("{8BC9CEB8-8B4A-11D0-8D11-00A0C91BC942}") = "15", "Exams\15\15.vcxproj", "{610C8370-5E7A-417D-B5B5-79A59A532715}"
EndProject
Project("{8BC9CEB8-8B4A-11D0-8D11-00A0C91BC942}") = "16", "Exams\16\16.vcxproj", "{C9B541FC-EA30-4278-98EE-88A78CF1C376}"
EndProject
Project("{8BC9CEB8-8B4A-11D0-8D11-00A0C91BC942}") = "17", "Exams\17\17.vcxproj", "{A81CFE67-FEFD-4275-AEF1-E69C9C94A16D}"
EndProject
Project("{8BC9CEB8-8B4A-11D0-8D11-00A0C91BC942}") = "03", "Exams\03\03.vcxproj", "{763FF31E-93FF-427B-BBFF-BC35092FE42C}"
EndProject
Project("{8BC9CEB8-8B4A-11D0-8D11-00A0C91BC942}") = "04", "Exams\04\04.vcxproj", "{DF018914-4BB9-475B-82EB-BC2BDC6C6253}"
EndProject
Project("{8BC9CEB8-8B4A-11D0-8D11-00A0C91BC942}") = "2024-02-15", "Exams\2024-02-15\2024-02-15.vcxproj", "{E25B0025-AF1A-46FA-88F7-63650CC826BA}"
EndProject
Global
	GlobalSection(SolutionConfigurationPlatforms) = preSolution
		Debug|x64 = Debug|x64
		Debug|x86 = Debug|x86
		Release|x64 = Release|x64
		Release|x86 = Release|x86
	EndGlobalSection
	GlobalSection(ProjectConfigurationPlatforms) = postSolution
		{E0EC64EC-2B0A-4975-BDCA-500FF34F45C9}.Debug|x64.ActiveCfg = Debug|x64
		{E0EC64EC-2B0A-4975-BDCA-500FF34F45C9}.Debug|x64.Build.0 = Debug|x64
		{E0EC64EC-2B0A-4975-BDCA-500FF34F45C9}.Debug|x86.ActiveCfg = Debug|Win32
		{E0EC64EC-2B0A-4975-BDCA-500FF34F45C9}.Debug|x86.Build.0 = Debug|Win32
		{E0EC64EC-2B0A-4975-BDCA-500FF34F45C9}.Release|x64.ActiveCfg = Release|x64
		{E0EC64EC-2B0A-4975-BDCA-500FF34F45C9}.Release|x64.Build.0 = Release|x64
		{E0EC64EC-2B0A-4975-BDCA-500FF34F45C9}.Release|x86.ActiveCfg = Release|Win32
		{E0EC64EC-2B0A-4975-BDCA-500FF34F45C9}.Release|x86.Build.0 = Release|Win32
		{924AE163-BD81-408E-B3B4-F01C125D84C7}.Debug|x64.ActiveCfg = Debug|x64
		{924AE163-BD81-408E-B3B4-F01C125D84C7}.Debug|x64.Build.0 = Debug|x64
		{924AE163-BD81-408E-B3B4-F01C125D84C7}.Debug|x86.ActiveCfg = Debug|Win32
		{924AE163-BD81-408E-B3B4-F01C125D84C7}.Debug|x86.Build.0 = Debug|Win32
		{924AE163-BD81-408E-B3B4-F01C125D84C7}.Release|x64.ActiveCfg = Release|x64
		{924AE163-BD81-408E-B3B4-F01C125D84C7}.Release|x64.Build.0 = Release|x64
		{924AE163-BD81-408E-B3B4-F01C125D84C7}.Release|x86.ActiveCfg = Release|Win32
		{924AE163-BD81-408E-B3B4-F01C125D84C7}.Release|x86.Build.0 = Release|Win32
		{B90DB643-521F-4A4D-B276-FEDA58D30763}.Debug|x64.ActiveCfg = Debug|x64
		{B90DB643-521F-4A4D-B276-FEDA58D30763}.Debug|x64.Build.0 = Debug|x64
		{B90DB643-521F-4A4D-B276-FEDA58D30763}.Debug|x86.ActiveCfg = Debug|Win32
		{B90DB643-521F-4A4D-B276-FEDA58D30763}.Debug|x86.Build.0 = Debug|Win32
		{B90DB643-521F-4A4D-B276-FEDA58D30763}.Release|x64.ActiveCfg = Release|x64
		{B90DB643-521F-4A4D-B276-FEDA58D30763}.Release|x64.Build.0 = Release|x64
		{B90DB643-521F-4A4D-B276-FEDA58D30763}.Release|x86.ActiveCfg = Release|Win32
		{B90DB643-521F-4A4D-B276-FEDA58D30763}.Release|x86.Build.0 = Release|Win32
		{5861FD09-A0AF-41EE-8F21-5BDD3CCC0241}.Debug|x64.ActiveCfg = Debug|x64
		{5861FD09-A0AF-41EE-8F21-5BDD3CCC0241}.Debug|x64.Build.0 = Debug|x64
		{5861FD09-A0AF-41EE-8F21-5BDD3CCC0241}.Debug|x86.ActiveCfg = Debug|Win32
		{5861FD09-A0AF-41EE-8F21-5BDD3CCC0241}.Debug|x86.Build.0 = Debug|Win32
		{5861FD09-A0AF-41EE-8F21-5BDD3CCC0241}.Release|x64.ActiveCfg = Release|x64
		{5861FD09-A0AF-41EE-8F21-5BDD3CCC0241}.Release|x64.Build.0 = Release|x64
		{5861FD09-A0AF-41EE-8F21-5BDD3CCC0241}.Release|x86.ActiveCfg = Release|Win32
		{5861FD09-A0AF-41EE-8F21-5BDD3CCC0241}.Release|x86.Build.0 = Release|Win32
		{9F591777-E340-447C-BF2F-1D7355E3679E}.Debug|x64.ActiveCfg = Debug|x64
		{9F591777-E340-447C-BF2F-1D7355E3679E}.Debug|x64.Build.0 = Debug|x64
		{9F591777-E340-447C-BF2F-1D7355E3679E}.Debug|x86.ActiveCfg = Debug|Win32
		{9F591777-E340-447C-BF2F-1D7355E3679E}.Debug|x86.Build.0 = Debug|Win32
		{9F591777-E340-447C-BF2F-1D7355E3679E}.Release|x64.ActiveCfg = Release|x64
		{9F591777-E340-447C-BF2F-1D7355E3679E}.Release|x64.Build.0 = Release|x64
		{9F591777-E340-447C-BF2F-1D7355E3679E}.Release|x86.ActiveCfg = Release|Win32
		{9F591777-E340-447C-BF2F-1D7355E3679E}.Release|x86.Build.0 = Release|Win32
		{A8973B03-3417-413C-9548-FE3735A4C2B5}.Debug|x64.ActiveCfg = Debug|x64
		{A8973B03-3417-413C-9548-FE3735A4C2B5}.Debug|x64.Build.0 = Debug|x64
		{A8973B03-3417-413C-9548-FE3735A4C2B5}.Debug|x86.ActiveCfg = Debug|Win32
		{A8973B03-3417-413C-9548-FE3735A4C2B5}.Debug|x86.Build.0 = Debug|Win32
		{A8973B03-3417-413C-9548-FE3735A4C2B5}.Release|x64.ActiveCfg = Release|x64
		{A8973B03-3417-413C-9548-FE3735A4C2B5}.Release|x64.Build.0 = Release|x64
		{A8973B03-3417-413C-9548-FE3735A4C2B5}.Release|x86.ActiveCfg = Release|Win32
		{A8973B03-3417-413C-9548-FE3735A4C2B5}.Release|x86.Build.0 = Release|Win32
		{A796A21A-7FAF-40EB-9EAD-5072FDDEC39B}.Debug|x64.ActiveCfg = Debug|x64
		{A796A21A-7FAF-40EB-9EAD-5072FDDEC39B}.Debug|x64.Build.0 = Debug|x64
		{A796A21A-7FAF-40EB-9EAD-5072FDDEC39B}.Debug|x86.ActiveCfg = Debug|Win32
		{A796A21A-7FAF-40EB-9EAD-5072FDDEC39B}.Debug|x86.Build.0 = Debug|Win32
		{A796A21A-7FAF-40EB-9EAD-5072FDDEC39B}.Release|x64.ActiveCfg = Release|x64
		{A796A21A-7FAF-40EB-9EAD-5072FDDEC39B}.Release|x64.Build.0 = Release|x64
		{A796A21A-7FAF-40EB-9EAD-5072FDDEC39B}.Release|x86.ActiveCfg = Release|Win32
		{A796A21A-7FAF-40EB-9EAD-5072FDDEC39B}.Release|x86.Build.0 = Release|Win32
		{7B1808CD-0AD0-4E46-8115-CF17C9CE0D81}.Debug|x64.ActiveCfg = Debug|x64
		{7B1808CD-0AD0-4E46-8115-CF17C9CE0D81}.Debug|x64.Build.0 = Debug|x64
		{7B1808CD-0AD0-4E46-8115-CF17C9CE0D81}.Debug|x86.ActiveCfg = Debug|Win32
		{7B1808CD-0AD0-4E46-8115-CF17C9CE0D81}.Debug|x86.Build.0 = Debug|Win32
		{7B1808CD-0AD0-4E46-8115-CF17C9CE0D81}.Release|x64.ActiveCfg = Release|x64
		{7B1808CD-0AD0-4E46-8115-CF17C9CE0D81}.Release|x64.Build.0 = Release|x64
		{7B1808CD-0AD0-4E46-8115-CF17C9CE0D81}.Release|x86.ActiveCfg = Release|Win32
		{7B1808CD-0AD0-4E46-8115-CF17C9CE0D81}.Release|x86.Build.0 = Release|Win32
		{A3F7D65F-4AA8-44F1-A29C-50C4D8D75A12}.Debug|x64.ActiveCfg = Debug|x64
		{A3F7D65F-4AA8-44F1-A29C-50C4D8D75A12}.Debug|x64.Build.0 = Debug|x64
		{A3F7D65F-4AA8-44F1-A29C-50C4D8D75A12}.Debug|x86.ActiveCfg = Debug|Win32
		{A3F7D65F-4AA8-44F1-A29C-50C4D8D75A12}.Debug|x86.Build.0 = Debug|Win32
		{A3F7D65F-4AA8-44F1-A29C-50C4D8D75A12}.Release|x64.ActiveCfg = Release|x64
		{A3F7D65F-4AA8-44F1-A29C-50C4D8D75A12}.Release|x64.Build.0 = Release|x64
		{A3F7D65F-4AA8-44F1-A29C-50C4D8D75A12}.Release|x86.ActiveCfg = Release|Win32
		{A3F7D65F-4AA8-44F1-A29C-50C4D8D75A12}.Release|x86.Build.0 = Release|Win32
		{E662A241-FE91-48A9-8B43-CD1AEFA5E842}.Debug|x64.ActiveCfg = Debug|x64
		{E662A241-FE91-48A9-8B43-CD1AEFA5E842}.Debug|x64.Build.0 = Debug|x64
		{E662A241-FE91-48A9-8B43-CD1AEFA5E842}.Debug|x86.ActiveCfg = Debug|Win32
		{E662A241-FE91-48A9-8B43-CD1AEFA5E842}.Debug|x86.Build.0 = Debug|Win32
		{E662A241-FE91-48A9-8B43-CD1AEFA5E842}.Release|x64.ActiveCfg = Release|x64
		{E662A241-FE91-48A9-8B43-CD1AEFA5E842}.Release|x64.Build.0 = Release|x64
		{E662A241-FE91-48A9-8B43-CD1AEFA5E842}.Release|x86.ActiveCfg = Release|Win32
		{E662A241-FE91-48A9-8B43-CD1AEFA5E842}.Release|x86.Build.0 = Release|Win32
		{48D6737C-6C6D-48C5-8DBA-049DB33BFFE3}.Debug|x64.ActiveCfg = Debug|x64
		{48D6737C-6C6D-48C5-8DBA-049DB33BFFE3}.Debug|x64.Build.0 = Debug|x64
		{48D6737C-6C6D-48C5-8DBA-049DB33BFFE3}.Debug|x86.ActiveCfg = Debug|Win32
		{48D6737C-6C6D-48C5-8DBA-049DB33BFFE3}.Debug|x86.Build.0 = Debug|Win32
		{48D6737C-6C6D-48C5-8DBA-049DB33BFFE3}.Release|x64.ActiveCfg = Release|x64
		{48D6737C-6C6D-48C5-8DBA-049DB33BFFE3}.Release|x64.Build.0 = Release|x64
		{48D6737C-6C6D-48C5-8DBA-049DB33BFFE3}.Release|x86.ActiveCfg = Release|Win32
		{48D6737C-6C6D-48C5-8DBA-049DB33BFFE3}.Release|x86.Build.0 = Release|Win32
		{B8884729-8DB0-48D9-B0E9-904219FD3E2C}.Debug|x64.ActiveCfg = Debug|x64
		{B8884729-8DB0-48D9-B0E9-904219FD3E2C}.Debug|x64.Build.0 = Debug|x64
		{B8884729-8DB0-48D9-B0E9-904219FD3E2C}.Debug|x86.ActiveCfg = Debug|Win32
		{B8884729-8DB0-48D9-B0E9-904219FD3E2C}.Debug|x86.Build.0 = Debug|Win32
		{B8884729-8DB0-48D9-B0E9-904219FD3E2C}.Release|x64.ActiveCfg = Release|x64
		{B8884729-8DB0-48D9-B0E9-904219FD3E2C}.Release|x64.Build.0 = Release|x64
		{B8884729-8DB0-48D9-B0E9-904219FD3E2C}.Release|x86.ActiveCfg = Release|Win32
		{B8884729-8DB0-48D9-B0E9-904219FD3E2C}.Release|x86.Build.0 = Release|Win32
		{D995FCC8-FB19-4583-B91F-C9488E132D8F}.Debug|x64.ActiveCfg = Debug|x64
		{D995FCC8-FB19-4583-B91F-C9488E132D8F}.Debug|x64.Build.0 = Debug|x64
		{D995FCC8-FB19-4583-B91F-C9488E132D8F}.Debug|x86.ActiveCfg = Debug|Win32
		{D995FCC8-FB19-4583-B91F-C9488E132D8F}.Debug|x86.Build.0 = Debug|Win32
		{D995FCC8-FB19-4583-B91F-C9488E132D8F}.Release|x64.ActiveCfg = Release|x64
		{D995FCC8-FB19-4583-B91F-C9488E132D8F}.Release|x64.Build.0 = Release|x64
		{D995FCC8-FB19-4583-B91F-C9488E132D8F}.Release|x86.ActiveCfg = Release|Win32
		{D995FCC8-FB19-4583-B91F-C9488E132D8F}.Release|x86.Build.0 = Release|Win32
		{7BBF0C06-4B55-493D-A5B6-84E7D545FA82}.Debug|x64.ActiveCfg = Debug|x64
		{7BBF0C06-4B55-493D-A5B6-84E7D545FA82}.Debug|x64.Build.0 = Debug|x64
		{7BBF0C06-4B55-493D-A5B6-84E7D545FA82}.Debug|x86.ActiveCfg = Debug|Win32
		{7BBF0C06-4B55-493D-A5B6-84E7D545FA82}.Debug|x86.Build.0 = Debug|Win32
		{7BBF0C06-4B55-493D-A5B6-84E7D545FA82}.Release|x64.ActiveCfg = Release|x64
		{7BBF0C06-4B55-493D-A5B6-84E7D545FA82}.Release|x64.Build.0 = Release|x64
		{7BBF0C06-4B55-493D-A5B6-84E7D545FA82}.Release|x86.ActiveCfg = Release|Win32
		{7BBF0C06-4B55-493D-A5B6-84E7D545FA82}.Release|x86.Build.0 = Release|Win32
		{BCC8B9EA-0F7F-466E-A9D0-468973159193}.Debug|x64.ActiveCfg = Debug|x64
		{BCC8B9EA-0F7F-466E-A9D0-468973159193}.Debug|x64.Build.0 = Debug|x64
		{BCC8B9EA-0F7F-466E-A9D0-468973159193}.Debug|x86.ActiveCfg = Debug|Win32
		{BCC8B9EA-0F7F-466E-A9D0-468973159193}.Debug|x86.Build.0 = Debug|Win32
		{BCC8B9EA-0F7F-466E-A9D0-468973159193}.Release|x64.ActiveCfg = Release|x64
		{BCC8B9EA-0F7F-466E-A9D0-468973159193}.Release|x64.Build.0 = Release|x64
		{BCC8B9EA-0F7F-466E-A9D0-468973159193}.Release|x86.ActiveCfg = Release|Win32
		{BCC8B9EA-0F7F-466E-A9D0-468973159193}.Release|x86.Build.0 = Release|Win32
		{9A9D4A80-BD55-4154-B5AE-3091726BC808}.Debug|x64.ActiveCfg = Debug|x64
		{9A9D4A80-BD55-4154-B5AE-3091726BC808}.Debug|x64.Build.0 = Debug|x64
		{9A9D4A80-BD55-4154-B5AE-3091726BC808}.Debug|x86.ActiveCfg = Debug|Win32
		{9A9D4A80-BD55-4154-B5AE-3091726BC808}.Debug|x86.Build.0 = Debug|Win32
		{9A9D4A80-BD55-4154-B5AE-3091726BC808}.Release|x64.ActiveCfg = Release|x64
		{9A9D4A80-BD55-4154-B5AE-3091726BC808}.Release|x64.Build.0 = Release|x64
		{9A9D4A80-BD55-4154-B5AE-3091726BC808}.Release|x86.ActiveCfg = Release|Win32
		{9A9D4A80-BD55-4154-B5AE-3091726BC808}.Release|x86.Build.0 = Release|Win32
		{2F09AA5C-9FB8-43A6-981E-1B8312C919F6}.Debug|x64.ActiveCfg = Debug|x64
		{2F09AA5C-9FB8-43A6-981E-1B8312C919F6}.Debug|x64.Build.0 = Debug|x64
		{2F09AA5C-9FB8-43A6-981E-1B8312C919F6}.Debug|x86.ActiveCfg = Debug|Win32
		{2F09AA5C-9FB8-43A6-981E-1B8312C919F6}.Debug|x86.Build.0 = Debug|Win32
		{2F09AA5C-9FB8-43A6-981E-1B8312C919F6}.Release|x64.ActiveCfg = Release|x64
		{2F09AA5C-9FB8-43A6-981E-1B8312C919F6}.Release|x64.Build.0 = Release|x64
		{2F09AA5C-9FB8-43A6-981E-1B8312C919F6}.Release|x86.ActiveCfg = Release|Win32
		{2F09AA5C-9FB8-43A6-981E-1B8312C919F6}.Release|x86.Build.0 = Release|Win32
		{77C6B4B1-8F87-4D31-9318-6F94ED2BE70D}.Debug|x64.ActiveCfg = Debug|x64
		{77C6B4B1-8F87-4D31-9318-6F94ED2BE70D}.Debug|x64.Build.0 = Debug|x64
		{77C6B4B1-8F87-4D31-9318-6F94ED2BE70D}.Debug|x86.ActiveCfg = Debug|Win32
		{77C6B4B1-8F87-4D31-9318-6F94ED2BE70D}.Debug|x86.Build.0 = Debug|Win32
		{77C6B4B1-8F87-4D31-9318-6F94ED2BE70D}.Release|x64.ActiveCfg = Release|x64
		{77C6B4B1-8F87-4D31-9318-6F94ED2BE70D}.Release|x64.Build.0 = Release|x64
		{77C6B4B1-8F87-4D31-9318-6F94ED2BE70D}.Release|x86.ActiveCfg = Release|Win32
		{77C6B4B1-8F87-4D31-9318-6F94ED2BE70D}.Release|x86.Build.0 = Release|Win32
		{DEE26D9B-2FC1-439D-B108-944E3BD3B1A0}.Debug|x64.ActiveCfg = Debug|x64
		{DEE26D9B-2FC1-439D-B108-944E3BD3B1A0}.Debug|x64.Build.0 = Debug|x64
		{DEE26D9B-2FC1-439D-B108-944E3BD3B1A0}.Debug|x86.ActiveCfg = Debug|Win32
		{DEE26D9B-2FC1-439D-B108-944E3BD3B1A0}.Debug|x86.Build.0 = Debug|Win32
		{DEE26D9B-2FC1-439D-B108-944E3BD3B1A0}.Release|x64.ActiveCfg = Release|x64
		{DEE26D9B-2FC1-439D-B108-944E3BD3B1A0}.Release|x64.Build.0 = Release|x64
		{DEE26D9B-2FC1-439D-B108-944E3BD3B1A0}.Release|x86.ActiveCfg = Release|Win32
		{DEE26D9B-2FC1-439D-B108-944E3BD3B1A0}.Release|x86.Build.0 = Release|Win32
		{832594DD-229D-4C9E-B4E0-11209AFB4C54}.Debug|x64.ActiveCfg = Debug|x64
		{832594DD-229D-4C9E-B4E0-11209AFB4C54}.Debug|x64.Build.0 = Debug|x64
		{832594DD-229D-4C9E-B4E0-11209AFB4C54}.Debug|x86.ActiveCfg = Debug|Win32
		{832594DD-229D-4C9E-B4E0-11209AFB4C54}.Debug|x86.Build.0 = Debug|Win32
		{832594DD-229D-4C9E-B4E0-11209AFB4C54}.Release|x64.ActiveCfg = Release|x64
		{832594DD-229D-4C9E-B4E0-11209AFB4C54}.Release|x64.Build.0 = Release|x64
		{832594DD-229D-4C9E-B4E0-11209AFB4C54}.Release|x86.ActiveCfg = Release|Win32
		{832594DD-229D-4C9E-B4E0-11209AFB4C54}.Release|x86.Build.0 = Release|Win32
		{4819E94C-66E9-4AFD-91F3-ECA6E4750B41}.Debug|x64.ActiveCfg = Debug|x64
		{4819E94C-66E9-4AFD-91F3-ECA6E4750B41}.Debug|x64.Build.0 = Debug|x64
		{4819E94C-66E9-4AFD-91F3-ECA6E4750B41}.Debug|x86.ActiveCfg = Debug|Win32
		{4819E94C-66E9-4AFD-91F3-ECA6E4750B41}.Debug|x86.Build.0 = Debug|Win32
		{4819E94C-66E9-4AFD-91F3-ECA6E4750B41}.Release|x64.ActiveCfg = Release|x64
		{4819E94C-66E9-4AFD-91F3-ECA6E4750B41}.Release|x64.Build.0 = Release|x64
		{4819E94C-66E9-4AFD-91F3-ECA6E4750B41}.Release|x86.ActiveCfg = Release|Win32
		{4819E94C-66E9-4AFD-91F3-ECA6E4750B41}.Release|x86.Build.0 = Release|Win32
		{F682B946-DBAA-4218-A0E9-DADBC936ED6C}.Debug|x64.ActiveCfg = Debug|x64
		{F682B946-DBAA-4218-A0E9-DADBC936ED6C}.Debug|x64.Build.0 = Debug|x64
		{F682B946-DBAA-4218-A0E9-DADBC936ED6C}.Debug|x86.ActiveCfg = Debug|Win32
		{F682B946-DBAA-4218-A0E9-DADBC936ED6C}.Debug|x86.Build.0 = Debug|Win32
		{F682B946-DBAA-4218-A0E9-DADBC936ED6C}.Release|x64.ActiveCfg = Release|x64
		{F682B946-DBAA-4218-A0E9-DADBC936ED6C}.Release|x64.Build.0 = Release|x64
		{F682B946-DBAA-4218-A0E9-DADBC936ED6C}.Release|x86.ActiveCfg = Release|Win32
		{F682B946-DBAA-4218-A0E9-DADBC936ED6C}.Release|x86.Build.0 = Release|Win32
		{230F55BD-A9FA-4510-B078-00B4FEAEC8C8}.Debug|x64.ActiveCfg = Debug|x64
		{230F55BD-A9FA-4510-B078-00B4FEAEC8C8}.Debug|x64.Build.0 = Debug|x64
		{230F55BD-A9FA-4510-B078-00B4FEAEC8C8}.Debug|x86.ActiveCfg = Debug|Win32
		{230F55BD-A9FA-4510-B078-00B4FEAEC8C8}.Debug|x86.Build.0 = Debug|Win32
		{230F55BD-A9FA-4510-B078-00B4FEAEC8C8}.Release|x64.ActiveCfg = Release|x64
		{230F55BD-A9FA-4510-B078-00B4FEAEC8C8}.Release|x64.Build.0 = Release|x64
		{230F55BD-A9FA-4510-B078-00B4FEAEC8C8}.Release|x86.ActiveCfg = Release|Win32
		{230F55BD-A9FA-4510-B078-00B4FEAEC8C8}.Release|x86.Build.0 = Release|Win32
		{610C8370-5E7A-417D-B5B5-79A59A532715}.Debug|x64.ActiveCfg = Debug|x64
		{610C8370-5E7A-417D-B5B5-79A59A532715}.Debug|x64.Build.0 = Debug|x64
		{610C8370-5E7A-417D-B5B5-79A59A532715}.Debug|x86.ActiveCfg = Debug|Win32
		{610C8370-5E7A-417D-B5B5-79A59A532715}.Debug|x86.Build.0 = Debug|Win32
		{610C8370-5E7A-417D-B5B5-79A59A532715}.Release|x64.ActiveCfg = Release|x64
		{610C8370-5E7A-417D-B5B5-79A59A532715}.Release|x64.Build.0 = Release|x64
		{610C8370-5E7A-417D-B5B5-79A59A532715}.Release|x86.ActiveCfg = Release|Win32
		{610C8370-5E7A-417D-B5B5-79A59A532715}.Release|x86.Build.0 = Release|Win32
		{C9B541FC-EA30-4278-98EE-88A78CF1C376}.Debug|x64.ActiveCfg = Debug|x64
		{C9B541FC-EA30-4278-98EE-88A78CF1C376}.Debug|x64.Build.0 = Debug|x64
		{C9B541FC-EA30-4278-98EE-88A78CF1C376}.Debug|x86.ActiveCfg = Debug|Win32
		{C9B541FC-EA30-4278-98EE-88A78CF1C376}.Debug|x86.Build.0 = Debug|Win32
		{C9B541FC-EA30-4278-98EE-88A78CF1C376}.Release|x64.ActiveCfg = Release|x64
		{C9B541FC-EA30-4278-98EE-88A78CF1C376}.Release|x64.Build.0 = Release|x64
		{C9B541FC-EA30-4278-98EE-88A78CF1C376}.Release|x86.ActiveCfg = Release|Win32
		{C9B541FC-EA30-4278-98EE-88A78CF1C376}.Release|x86.Build.0 = Release|Win32
		{A81CFE67-FEFD-4275-AEF1-E69C9C94A16D}.Debug|x64.ActiveCfg = Debug|x64
		{A81CFE67-FEFD-4275-AEF1-E69C9C94A16D}.Debug|x64.Build.0 = Debug|x64
		{A81CFE67-FEFD-4275-AEF1-E69C9C94A16D}.Debug|x86.ActiveCfg = Debug|Win32
		{A81CFE67-FEFD-4275-AEF1-E69C9C94A16D}.Debug|x86.Build.0 = Debug|Win32
		{A81CFE67-FEFD-4275-AEF1-E69C9C94A16D}.Release|x64.ActiveCfg = Release|x64
		{A81CFE67-FEFD-4275-AEF1-E69C9C94A16D}.Release|x64.Build.0 = Release|x64
		{A81CFE67-FEFD-4275-AEF1-E69C9C94A16D}.Release|x86.ActiveCfg = Release|Win32
		{A81CFE67-FEFD-4275-AEF1-E69C9C94A16D}.Release|x86.Build.0 = Release|Win32
		{763FF31E-93FF-427B-BBFF-BC35092FE42C}.Debug|x64.ActiveCfg = Debug|x64
		{763FF31E-93FF-427B-BBFF-BC35092FE42C}.Debug|x64.Build.0 = Debug|x64
		{763FF31E-93FF-427B-BBFF-BC35092FE42C}.Debug|x86.ActiveCfg = Debug|Win32
		{763FF31E-93FF-427B-BBFF-BC35092FE42C}.Debug|x86.Build.0 = Debug|Win32
		{763FF31E-93FF-427B-BBFF-BC35092FE42C}.Release|x64.ActiveCfg = Release|x64
		{763FF31E-93FF-427B-BBFF-BC35092FE42C}.Release|x64.Build.0 = Release|x64
		{763FF31E-93FF-427B-BBFF-BC35092FE42C}.Release|x86.ActiveCfg = Release|Win32
		{763FF31E-93FF-427B-BBFF-BC35092FE42C}.Release|x86.Build.0 = Release|Win32
		{DF018914-4BB9-475B-82EB-BC2BDC6C6253}.Debug|x64.ActiveCfg = Debug|x64
		{DF018914-4BB9-475B-82EB-BC2BDC6C6253}.Debug|x64.Build.0 = Debug|x64
		{DF018914-4BB9-475B-82EB-BC2BDC6C6253}.Debug|x86.ActiveCfg = Debug|Win32
		{DF018914-4BB9-475B-82EB-BC2BDC6C6253}.Debug|x86.Build.0 = Debug|Win32
		{DF018914-4BB9-475B-82EB-BC2BDC6C6253}.Release|x64.ActiveCfg = Release|x64
		{DF018914-4BB9-475B-82EB-BC2BDC6C6253}.Release|x64.Build.0 = Release|x64
		{DF018914-4BB9-475B-82EB-BC2BDC6C6253}.Release|x86.ActiveCfg = Release|Win32
		{DF018914-4BB9-475B-82EB-BC2BDC6C6253}.Release|x86.Build.0 = Release|Win32
		{E25B0025-AF1A-46FA-88F7-63650CC826BA}.Debug|x64.ActiveCfg = Debug|x64
		{E25B0025-AF1A-46FA-88F7-63650CC826BA}.Debug|x64.Build.0 = Debug|x64
		{E25B0025-AF1A-46FA-88F7-63650CC826BA}.Debug|x86.ActiveCfg = Debug|Win32
		{E25B0025-AF1A-46FA-88F7-63650CC826BA}.Debug|x86.Build.0 = Debug|Win32
		{E25B0025-AF1A-46FA-88F7-63650CC826BA}.Release|x64.ActiveCfg = Release|x64
		{E25B0025-AF1A-46FA-88F7-63650CC826BA}.Release|x64.Build.0 = Release|x64
		{E25B0025-AF1A-46FA-88F7-63650CC826BA}.Release|x86.ActiveCfg = Release|Win32
		{E25B0025-AF1A-46FA-88F7-63650CC826BA}.Release|x86.Build.0 = Release|Win32
	EndGlobalSection
	GlobalSection(SolutionProperties) = preSolution
		HideSolutionNode = FALSE
	EndGlobalSection
	GlobalSection(NestedProjects) = preSolution
		{E0EC64EC-2B0A-4975-BDCA-500FF34F45C9} = {7A461002-AC19-4D64-A15A-FF009FFF440F}
		{924AE163-BD81-408E-B3B4-F01C125D84C7} = {7A461002-AC19-4D64-A15A-FF009FFF440F}
		{B90DB643-521F-4A4D-B276-FEDA58D30763} = {7A461002-AC19-4D64-A15A-FF009FFF440F}
		{5861FD09-A0AF-41EE-8F21-5BDD3CCC0241} = {7A461002-AC19-4D64-A15A-FF009FFF440F}
		{9F591777-E340-447C-BF2F-1D7355E3679E} = {F8A4990C-14DE-49C2-87AA-82CF48ED7FEB}
		{A8973B03-3417-413C-9548-FE3735A4C2B5} = {F8A4990C-14DE-49C2-87AA-82CF48ED7FEB}
		{A796A21A-7FAF-40EB-9EAD-5072FDDEC39B} = {F8A4990C-14DE-49C2-87AA-82CF48ED7FEB}
		{7B1808CD-0AD0-4E46-8115-CF17C9CE0D81} = {F8A4990C-14DE-49C2-87AA-82CF48ED7FEB}
		{A3F7D65F-4AA8-44F1-A29C-50C4D8D75A12} = {F8A4990C-14DE-49C2-87AA-82CF48ED7FEB}
		{E662A241-FE91-48A9-8B43-CD1AEFA5E842} = {F8A4990C-14DE-49C2-87AA-82CF48ED7FEB}
		{48D6737C-6C6D-48C5-8DBA-049DB33BFFE3} = {F8A4990C-14DE-49C2-87AA-82CF48ED7FEB}
		{B8884729-8DB0-48D9-B0E9-904219FD3E2C} = {54B64DFD-34D5-4DF6-8E0C-35EFDACEFCC8}
		{D995FCC8-FB19-4583-B91F-C9488E132D8F} = {54B64DFD-34D5-4DF6-8E0C-35EFDACEFCC8}
		{7BBF0C06-4B55-493D-A5B6-84E7D545FA82} = {54B64DFD-34D5-4DF6-8E0C-35EFDACEFCC8}
		{BCC8B9EA-0F7F-466E-A9D0-468973159193} = {54B64DFD-34D5-4DF6-8E0C-35EFDACEFCC8}
		{9A9D4A80-BD55-4154-B5AE-3091726BC808} = {54B64DFD-34D5-4DF6-8E0C-35EFDACEFCC8}
		{2F09AA5C-9FB8-43A6-981E-1B8312C919F6} = {54B64DFD-34D5-4DF6-8E0C-35EFDACEFCC8}
		{77C6B4B1-8F87-4D31-9318-6F94ED2BE70D} = {54B64DFD-34D5-4DF6-8E0C-35EFDACEFCC8}
		{DEE26D9B-2FC1-439D-B108-944E3BD3B1A0} = {54B64DFD-34D5-4DF6-8E0C-35EFDACEFCC8}
		{832594DD-229D-4C9E-B4E0-11209AFB4C54} = {54B64DFD-34D5-4DF6-8E0C-35EFDACEFCC8}
		{4819E94C-66E9-4AFD-91F3-ECA6E4750B41} = {54B64DFD-34D5-4DF6-8E0C-35EFDACEFCC8}
		{F682B946-DBAA-4218-A0E9-DADBC936ED6C} = {54B64DFD-34D5-4DF6-8E0C-35EFDACEFCC8}
		{230F55BD-A9FA-4510-B078-00B4FEAEC8C8} = {54B64DFD-34D5-4DF6-8E0C-35EFDACEFCC8}
		{610C8370-5E7A-417D-B5B5-79A59A532715} = {54B64DFD-34D5-4DF6-8E0C-35EFDACEFCC8}
		{C9B541FC-EA30-4278-98EE-88A78CF1C376} = {54B64DFD-34D5-4DF6-8E0C-35EFDACEFCC8}
		{A81CFE67-FEFD-4275-AEF1-E69C9C94A16D} = {54B64DFD-34D5-4DF6-8E0C-35EFDACEFCC8}
		{763FF31E-93FF-427B-BBFF-BC35092FE42C} = {54B64DFD-34D5-4DF6-8E0C-35EFDACEFCC8}
		{DF018914-4BB9-475B-82EB-BC2BDC6C6253} = {54B64DFD-34D5-4DF6-8E0C-35EFDACEFCC8}
		{E25B0025-AF1A-46FA-88F7-63650CC826BA} = {54B64DFD-34D5-4DF6-8E0C-35EFDACEFCC8}
	EndGlobalSection
	GlobalSection(ExtensibilityGlobals) = postSolution
		SolutionGuid = {AEA79C2A-A5D7-4C08-854F-C59719C5D681}
	EndGlobalSection
EndGlobal
