
Microsoft Visual Studio Solution File, Format Version 12.00
# Visual Studio Version 17
VisualStudioVersion = 17.5.33627.172
MinimumVisualStudioVersion = 10.0.40219.1
Project("{8BC9CEB8-8B4A-11D0-8D11-00A0C91BC942}") = "2023-04-17", "2023-04-17.vcxproj", "{5861FD09-A0AF-41EE-8F21-5BDD3CCC0241}"
EndProject
Project("{8BC9CEB8-8B4A-11D0-8D11-00A0C91BC942}") = "2023-05-04", "..\2023-05-04\2023-05-04.vcxproj", "{9F591777-E340-447C-BF2F-1D7355E3679E}"
EndProject
Project("{8BC9CEB8-8B4A-11D0-8D11-00A0C91BC942}") = "2023-05-11", "..\2023-05-11\2023-05-11.vcxproj", "{A8973B03-3417-413C-9548-FE3735A4C2B5}"
EndProject
Global
	GlobalSection(SolutionConfigurationPlatforms) = preSolution
		Debug|x64 = Debug|x64
		Debug|x86 = Debug|x86
		Release|x64 = Release|x64
		Release|x86 = Release|x86
	EndGlobalSection
	GlobalSection(ProjectConfigurationPlatforms) = postSolution
		{5861FD09-A0AF-41EE-8F21-5BDD3CCC0241}.Debug|x64.ActiveCfg = Debug|x64
		{5861FD09-A0AF-41EE-8F21-5BDD3CCC0241}.Debug|x64.Build.0 = Debug|x64
		{5861FD09-A0AF-41EE-8F21-5BDD3CCC0241}.Debug|x86.ActiveCfg = Debug|Win32
		{5861FD09-A0AF-41EE-8F21-5BDD3CCC0241}.Debug|x86.Build.0 = Debug|Win32
		{5861FD09-A0AF-41EE-8F21-5BDD3CCC0241}.Release|x64.ActiveCfg = Release|x64
		{5861FD09-A0AF-41EE-8F21-5BDD3CCC0241}.Release|x64.Build.0 = Release|x64
		{5861FD09-A0AF-41EE-8F21-5BDD3CCC0241}.Release|x86.ActiveCfg = Release|Win32
		{5861FD09-A0AF-41EE-8F21-5BDD3CCC0241}.Release|x86.Build.0 = Release|Win32
		{9F591777-E340-447C-BF2F-1D7355E3679E}.Debug|x64.ActiveCfg = Debug|x64
		{9F591777-E340-447C-BF2F-1D7355E3679E}.Debug|x64.Build.0 = Debug|x64
		{9F591777-E340-447C-BF2F-1D7355E3679E}.Debug|x86.ActiveCfg = Debug|Win32
		{9F591777-E340-447C-BF2F-1D7355E3679E}.Debug|x86.Build.0 = Debug|Win32
		{9F591777-E340-447C-BF2F-1D7355E3679E}.Release|x64.ActiveCfg = Release|x64
		{9F591777-E340-447C-BF2F-1D7355E3679E}.Release|x64.Build.0 = Release|x64
		{9F591777-E340-447C-BF2F-1D7355E3679E}.Release|x86.ActiveCfg = Release|Win32
		{9F591777-E340-447C-BF2F-1D7355E3679E}.Release|x86.Build.0 = Release|Win32
		{A8973B03-3417-413C-9548-FE3735A4C2B5}.Debug|x64.ActiveCfg = Debug|x64
		{A8973B03-3417-413C-9548-FE3735A4C2B5}.Debug|x64.Build.0 = Debug|x64
		{A8973B03-3417-413C-9548-FE3735A4C2B5}.Debug|x86.ActiveCfg = Debug|Win32
		{A8973B03-3417-413C-9548-FE3735A4C2B5}.Debug|x86.Build.0 = Debug|Win32
		{A8973B03-3417-413C-9548-FE3735A4C2B5}.Release|x64.ActiveCfg = Release|x64
		{A8973B03-3417-413C-9548-FE3735A4C2B5}.Release|x64.Build.0 = Release|x64
		{A8973B03-3417-413C-9548-FE3735A4C2B5}.Release|x86.ActiveCfg = Release|Win32
		{A8973B03-3417-413C-9548-FE3735A4C2B5}.Release|x86.Build.0 = Release|Win32
	EndGlobalSection
	GlobalSection(SolutionProperties) = preSolution
		HideSolutionNode = FALSE
	EndGlobalSection
	GlobalSection(ExtensibilityGlobals) = postSolution
		SolutionGuid = {9A7FBE71-F22E-4D22-BB49-6EF4D0CABD34}
	EndGlobalSection
EndGlobal
